// !$*UTF8*$!
{
	archiveVersion = 1;
	classes = {
	};
	objectVersion = 46;
	objects = {

/* Begin PBXBuildFile section */
		D8CEAE3A1D28DCA400B108AB /* Assets.xcassets in Resources */ = {isa = PBXBuildFile; fileRef = D8CEAE391D28DCA400B108AB /* Assets.xcassets */; };
		D8CEAE3D1D28DCA400B108AB /* LaunchScreen.storyboard in Resources */ = {isa = PBXBuildFile; fileRef = D8CEAE3B1D28DCA400B108AB /* LaunchScreen.storyboard */; };
		D8CEAE5F1D28DE5600B108AB /* AppDelegate.m in Sources */ = {isa = PBXBuildFile; fileRef = D8CEAE4F1D28DE5600B108AB /* AppDelegate.m */; };
		D8CEAE681D28DEE300B108AB /* Info.plist in Resources */ = {isa = PBXBuildFile; fileRef = D8CEAE661D28DEE300B108AB /* Info.plist */; };
		D8CEAE691D28DEE300B108AB /* main.m in Sources */ = {isa = PBXBuildFile; fileRef = D8CEAE671D28DEE300B108AB /* main.m */; };
		D8CEAE791D28DFAF00B108AB /* AppIcon29x29@2x.png in Resources */ = {isa = PBXBuildFile; fileRef = D8CEAE6B1D28DFAF00B108AB /* AppIcon29x29@2x.png */; };
		D8CEAE7A1D28DFAF00B108AB /* AppIcon40x40@2x.png in Resources */ = {isa = PBXBuildFile; fileRef = D8CEAE6C1D28DFAF00B108AB /* AppIcon40x40@2x.png */; };
		D8CEAE7B1D28DFAF00B108AB /* AppIcon60x60@2x.png in Resources */ = {isa = PBXBuildFile; fileRef = D8CEAE6D1D28DFAF00B108AB /* AppIcon60x60@2x.png */; };
		D8CEAE7C1D28DFAF00B108AB /* LaunchImage-568h@2x.png in Resources */ = {isa = PBXBuildFile; fileRef = D8CEAE6F1D28DFAF00B108AB /* LaunchImage-568h@2x.png */; };
		D8CEAE7D1D28DFAF00B108AB /* TabBar_Assets@2x.png in Resources */ = {isa = PBXBuildFile; fileRef = D8CEAE711D28DFAF00B108AB /* TabBar_Assets@2x.png */; };
		D8CEAE7E1D28DFAF00B108AB /* TabBar_Assets_Sel@2x.png in Resources */ = {isa = PBXBuildFile; fileRef = D8CEAE721D28DFAF00B108AB /* TabBar_Assets_Sel@2x.png */; };
		D8CEAE7F1D28DFAF00B108AB /* TabBar_Discovery@2x.png in Resources */ = {isa = PBXBuildFile; fileRef = D8CEAE731D28DFAF00B108AB /* TabBar_Discovery@2x.png */; };
		D8CEAE801D28DFAF00B108AB /* TabBar_Discovery_Sel@2x.png in Resources */ = {isa = PBXBuildFile; fileRef = D8CEAE741D28DFAF00B108AB /* TabBar_Discovery_Sel@2x.png */; };
		D8CEAE811D28DFAF00B108AB /* TabBar_HomeBar@2x.png in Resources */ = {isa = PBXBuildFile; fileRef = D8CEAE751D28DFAF00B108AB /* TabBar_HomeBar@2x.png */; };
		D8CEAE821D28DFAF00B108AB /* TabBar_HomeBar_Sel@2x.png in Resources */ = {isa = PBXBuildFile; fileRef = D8CEAE761D28DFAF00B108AB /* TabBar_HomeBar_Sel@2x.png */; };
		D8CEAE831D28DFAF00B108AB /* TabBar_PublicService@2x.png in Resources */ = {isa = PBXBuildFile; fileRef = D8CEAE771D28DFAF00B108AB /* TabBar_PublicService@2x.png */; };
		D8CEAE841D28DFAF00B108AB /* TabBar_PublicService_Sel@2x.png in Resources */ = {isa = PBXBuildFile; fileRef = D8CEAE781D28DFAF00B108AB /* TabBar_PublicService_Sel@2x.png */; };
		D8CEAE871D28E0B300B108AB /* XPPayViewController.m in Sources */ = {isa = PBXBuildFile; fileRef = D8CEAE861D28E0B300B108AB /* XPPayViewController.m */; };
		D8CEAE8A1D28E0C800B108AB /* XPDiscoverTableViewController.m in Sources */ = {isa = PBXBuildFile; fileRef = D8CEAE891D28E0C800B108AB /* XPDiscoverTableViewController.m */; };
		D8CEAE8D1D28E0D100B108AB /* XPServeTableViewController.m in Sources */ = {isa = PBXBuildFile; fileRef = D8CEAE8C1D28E0D100B108AB /* XPServeTableViewController.m */; };
		D8CEAE901D28E0DC00B108AB /* XPTreasureTableViewController.m in Sources */ = {isa = PBXBuildFile; fileRef = D8CEAE8F1D28E0DC00B108AB /* XPTreasureTableViewController.m */; };
		D8CEAE931D28E0F800B108AB /* XPTabBarViewController.m in Sources */ = {isa = PBXBuildFile; fileRef = D8CEAE921D28E0F800B108AB /* XPTabBarViewController.m */; };
		D8CEAE961D28E74200B108AB /* XPNavigationController.m in Sources */ = {isa = PBXBuildFile; fileRef = D8CEAE951D28E74200B108AB /* XPNavigationController.m */; };
/* End PBXBuildFile section */

/* Begin PBXFileReference section */
		D8CEAE2A1D28DCA400B108AB /* ZhiFuBao.app */ = {isa = PBXFileReference; explicitFileType = wrapper.application; includeInIndex = 0; path = ZhiFuBao.app; sourceTree = BUILT_PRODUCTS_DIR; };
		D8CEAE391D28DCA400B108AB /* Assets.xcassets */ = {isa = PBXFileReference; lastKnownFileType = folder.assetcatalog; path = Assets.xcassets; sourceTree = "<group>"; };
		D8CEAE3C1D28DCA400B108AB /* Base */ = {isa = PBXFileReference; lastKnownFileType = file.storyboard; name = Base; path = Base.lproj/LaunchScreen.storyboard; sourceTree = "<group>"; };
		D8CEAE4E1D28DE5600B108AB /* AppDelegate.h */ = {isa = PBXFileReference; fileEncoding = 4; lastKnownFileType = sourcecode.c.h; path = AppDelegate.h; sourceTree = "<group>"; };
		D8CEAE4F1D28DE5600B108AB /* AppDelegate.m */ = {isa = PBXFileReference; fileEncoding = 4; lastKnownFileType = sourcecode.c.objc; path = AppDelegate.m; sourceTree = "<group>"; };
		D8CEAE661D28DEE300B108AB /* Info.plist */ = {isa = PBXFileReference; fileEncoding = 4; lastKnownFileType = text.plist.xml; path = Info.plist; sourceTree = "<group>"; };
		D8CEAE671D28DEE300B108AB /* main.m */ = {isa = PBXFileReference; fileEncoding = 4; lastKnownFileType = sourcecode.c.objc; path = main.m; sourceTree = "<group>"; };
		D8CEAE6B1D28DFAF00B108AB /* AppIcon29x29@2x.png */ = {isa = PBXFileReference; lastKnownFileType = image.png; path = "AppIcon29x29@2x.png"; sourceTree = "<group>"; };
		D8CEAE6C1D28DFAF00B108AB /* AppIcon40x40@2x.png */ = {isa = PBXFileReference; lastKnownFileType = image.png; path = "AppIcon40x40@2x.png"; sourceTree = "<group>"; };
		D8CEAE6D1D28DFAF00B108AB /* AppIcon60x60@2x.png */ = {isa = PBXFileReference; lastKnownFileType = image.png; path = "AppIcon60x60@2x.png"; sourceTree = "<group>"; };
		D8CEAE6F1D28DFAF00B108AB /* LaunchImage-568h@2x.png */ = {isa = PBXFileReference; lastKnownFileType = image.png; path = "LaunchImage-568h@2x.png"; sourceTree = "<group>"; };
		D8CEAE711D28DFAF00B108AB /* TabBar_Assets@2x.png */ = {isa = PBXFileReference; lastKnownFileType = image.png; path = "TabBar_Assets@2x.png"; sourceTree = "<group>"; };
		D8CEAE721D28DFAF00B108AB /* TabBar_Assets_Sel@2x.png */ = {isa = PBXFileReference; lastKnownFileType = image.png; path = "TabBar_Assets_Sel@2x.png"; sourceTree = "<group>"; };
		D8CEAE731D28DFAF00B108AB /* TabBar_Discovery@2x.png */ = {isa = PBXFileReference; lastKnownFileType = image.png; path = "TabBar_Discovery@2x.png"; sourceTree = "<group>"; };
		D8CEAE741D28DFAF00B108AB /* TabBar_Discovery_Sel@2x.png */ = {isa = PBXFileReference; lastKnownFileType = image.png; path = "TabBar_Discovery_Sel@2x.png"; sourceTree = "<group>"; };
		D8CEAE751D28DFAF00B108AB /* TabBar_HomeBar@2x.png */ = {isa = PBXFileReference; lastKnownFileType = image.png; path = "TabBar_HomeBar@2x.png"; sourceTree = "<group>"; };
		D8CEAE761D28DFAF00B108AB /* TabBar_HomeBar_Sel@2x.png */ = {isa = PBXFileReference; lastKnownFileType = image.png; path = "TabBar_HomeBar_Sel@2x.png"; sourceTree = "<group>"; };
		D8CEAE771D28DFAF00B108AB /* TabBar_PublicService@2x.png */ = {isa = PBXFileReference; lastKnownFileType = image.png; path = "TabBar_PublicService@2x.png"; sourceTree = "<group>"; };
		D8CEAE781D28DFAF00B108AB /* TabBar_PublicService_Sel@2x.png */ = {isa = PBXFileReference; lastKnownFileType = image.png; path = "TabBar_PublicService_Sel@2x.png"; sourceTree = "<group>"; };
		D8CEAE851D28E0B300B108AB /* XPPayViewController.h */ = {isa = PBXFileReference; fileEncoding = 4; lastKnownFileType = sourcecode.c.h; path = XPPayViewController.h; sourceTree = "<group>"; };
		D8CEAE861D28E0B300B108AB /* XPPayViewController.m */ = {isa = PBXFileReference; fileEncoding = 4; lastKnownFileType = sourcecode.c.objc; path = XPPayViewController.m; sourceTree = "<group>"; };
		D8CEAE881D28E0C800B108AB /* XPDiscoverTableViewController.h */ = {isa = PBXFileReference; fileEncoding = 4; lastKnownFileType = sourcecode.c.h; path = XPDiscoverTableViewController.h; sourceTree = "<group>"; };
		D8CEAE891D28E0C800B108AB /* XPDiscoverTableViewController.m */ = {isa = PBXFileReference; fileEncoding = 4; lastKnownFileType = sourcecode.c.objc; path = XPDiscoverTableViewController.m; sourceTree = "<group>"; };
		D8CEAE8B1D28E0D100B108AB /* XPServeTableViewController.h */ = {isa = PBXFileReference; fileEncoding = 4; lastKnownFileType = sourcecode.c.h; path = XPServeTableViewController.h; sourceTree = "<group>"; };
		D8CEAE8C1D28E0D100B108AB /* XPServeTableViewController.m */ = {isa = PBXFileReference; fileEncoding = 4; lastKnownFileType = sourcecode.c.objc; path = XPServeTableViewController.m; sourceTree = "<group>"; };
		D8CEAE8E1D28E0DC00B108AB /* XPTreasureTableViewController.h */ = {isa = PBXFileReference; fileEncoding = 4; lastKnownFileType = sourcecode.c.h; path = XPTreasureTableViewController.h; sourceTree = "<group>"; };
		D8CEAE8F1D28E0DC00B108AB /* XPTreasureTableViewController.m */ = {isa = PBXFileReference; fileEncoding = 4; lastKnownFileType = sourcecode.c.objc; path = XPTreasureTableViewController.m; sourceTree = "<group>"; };
		D8CEAE911D28E0F800B108AB /* XPTabBarViewController.h */ = {isa = PBXFileReference; fileEncoding = 4; lastKnownFileType = sourcecode.c.h; path = XPTabBarViewController.h; sourceTree = "<group>"; };
		D8CEAE921D28E0F800B108AB /* XPTabBarViewController.m */ = {isa = PBXFileReference; fileEncoding = 4; lastKnownFileType = sourcecode.c.objc; path = XPTabBarViewController.m; sourceTree = "<group>"; };
		D8CEAE941D28E74200B108AB /* XPNavigationController.h */ = {isa = PBXFileReference; fileEncoding = 4; lastKnownFileType = sourcecode.c.h; path = XPNavigationController.h; sourceTree = "<group>"; };
		D8CEAE951D28E74200B108AB /* XPNavigationController.m */ = {isa = PBXFileReference; fileEncoding = 4; lastKnownFileType = sourcecode.c.objc; path = XPNavigationController.m; sourceTree = "<group>"; };
/* End PBXFileReference section */

/* Begin PBXFrameworksBuildPhase section */
		D8CEAE271D28DCA400B108AB /* Frameworks */ = {
			isa = PBXFrameworksBuildPhase;
			buildActionMask = 2147483647;
			files = (
			);
			runOnlyForDeploymentPostprocessing = 0;
		};
/* End PBXFrameworksBuildPhase section */

/* Begin PBXGroup section */
		D8CEAE211D28DCA400B108AB = {
			isa = PBXGroup;
			children = (
				D8CEAE2C1D28DCA400B108AB /* ZhiFuBao */,
				D8CEAE2B1D28DCA400B108AB /* Products */,
			);
			sourceTree = "<group>";
		};
		D8CEAE2B1D28DCA400B108AB /* Products */ = {
			isa = PBXGroup;
			children = (
				D8CEAE2A1D28DCA400B108AB /* ZhiFuBao.app */,
			);
			name = Products;
			sourceTree = "<group>";
		};
		D8CEAE2C1D28DCA400B108AB /* ZhiFuBao */ = {
			isa = PBXGroup;
			children = (
				D8CEAE441D28DE5600B108AB /* Classes */,
				D8CEAE2D1D28DCA400B108AB /* Supporting Files */,
			);
			path = ZhiFuBao;
			sourceTree = "<group>";
		};
		D8CEAE2D1D28DCA400B108AB /* Supporting Files */ = {
			isa = PBXGroup;
			children = (
				D8CEAE5E1D28DE5600B108AB /* images */,
				D8CEAE391D28DCA400B108AB /* Assets.xcassets */,
				D8CEAE3B1D28DCA400B108AB /* LaunchScreen.storyboard */,
				D8CEAE661D28DEE300B108AB /* Info.plist */,
				D8CEAE671D28DEE300B108AB /* main.m */,
			);
			name = "Supporting Files";
			sourceTree = "<group>";
		};
		D8CEAE441D28DE5600B108AB /* Classes */ = {
			isa = PBXGroup;
			children = (
				D8CEAE491D28DE5600B108AB /* Main */,
				D8CEAE521D28DE5600B108AB /* Pay(支付宝) */,
				D8CEAE451D28DE5600B108AB /* Discover(发现) */,
				D8CEAE561D28DE5600B108AB /* Serve(服务窗) */,
				D8CEAE5A1D28DE5600B108AB /* Treasure(财富) */,
				D8CEAE4D1D28DE5600B108AB /* Ohters */,
			);
			path = Classes;
			sourceTree = "<group>";
		};
		D8CEAE451D28DE5600B108AB /* Discover(发现) */ = {
			isa = PBXGroup;
			children = (
				D8CEAE461D28DE5600B108AB /* Controller */,
				D8CEAE471D28DE5600B108AB /* Model */,
				D8CEAE481D28DE5600B108AB /* View */,
			);
			path = "Discover(发现)";
			sourceTree = "<group>";
		};
		D8CEAE461D28DE5600B108AB /* Controller */ = {
			isa = PBXGroup;
			children = (
				D8CEAE881D28E0C800B108AB /* XPDiscoverTableViewController.h */,
				D8CEAE891D28E0C800B108AB /* XPDiscoverTableViewController.m */,
			);
			path = Controller;
			sourceTree = "<group>";
		};
		D8CEAE471D28DE5600B108AB /* Model */ = {
			isa = PBXGroup;
			children = (
			);
			path = Model;
			sourceTree = "<group>";
		};
		D8CEAE481D28DE5600B108AB /* View */ = {
			isa = PBXGroup;
			children = (
			);
			path = View;
			sourceTree = "<group>";
		};
		D8CEAE491D28DE5600B108AB /* Main */ = {
			isa = PBXGroup;
			children = (
				D8CEAE4A1D28DE5600B108AB /* Controller */,
				D8CEAE4B1D28DE5600B108AB /* Model */,
				D8CEAE4C1D28DE5600B108AB /* View */,
			);
			path = Main;
			sourceTree = "<group>";
		};
		D8CEAE4A1D28DE5600B108AB /* Controller */ = {
			isa = PBXGroup;
			children = (
				D8CEAE911D28E0F800B108AB /* XPTabBarViewController.h */,
				D8CEAE921D28E0F800B108AB /* XPTabBarViewController.m */,
				D8CEAE941D28E74200B108AB /* XPNavigationController.h */,
				D8CEAE951D28E74200B108AB /* XPNavigationController.m */,
			);
			path = Controller;
			sourceTree = "<group>";
		};
		D8CEAE4B1D28DE5600B108AB /* Model */ = {
			isa = PBXGroup;
			children = (
			);
			path = Model;
			sourceTree = "<group>";
		};
		D8CEAE4C1D28DE5600B108AB /* View */ = {
			isa = PBXGroup;
			children = (
			);
			path = View;
			sourceTree = "<group>";
		};
		D8CEAE4D1D28DE5600B108AB /* Ohters */ = {
			isa = PBXGroup;
			children = (
				D8CEAE4E1D28DE5600B108AB /* AppDelegate.h */,
				D8CEAE4F1D28DE5600B108AB /* AppDelegate.m */,
			);
			path = Ohters;
			sourceTree = "<group>";
		};
		D8CEAE521D28DE5600B108AB /* Pay(支付宝) */ = {
			isa = PBXGroup;
			children = (
				D8CEAE531D28DE5600B108AB /* Controller */,
				D8CEAE541D28DE5600B108AB /* Model */,
				D8CEAE551D28DE5600B108AB /* View */,
			);
			path = "Pay(支付宝)";
			sourceTree = "<group>";
		};
		D8CEAE531D28DE5600B108AB /* Controller */ = {
			isa = PBXGroup;
			children = (
				D8CEAE851D28E0B300B108AB /* XPPayViewController.h */,
				D8CEAE861D28E0B300B108AB /* XPPayViewController.m */,
			);
			path = Controller;
			sourceTree = "<group>";
		};
		D8CEAE541D28DE5600B108AB /* Model */ = {
			isa = PBXGroup;
			children = (
			);
			path = Model;
			sourceTree = "<group>";
		};
		D8CEAE551D28DE5600B108AB /* View */ = {
			isa = PBXGroup;
			children = (
			);
			path = View;
			sourceTree = "<group>";
		};
		D8CEAE561D28DE5600B108AB /* Serve(服务窗) */ = {
			isa = PBXGroup;
			children = (
				D8CEAE571D28DE5600B108AB /* Controller */,
				D8CEAE581D28DE5600B108AB /* Model */,
				D8CEAE591D28DE5600B108AB /* View */,
			);
			path = "Serve(服务窗)";
			sourceTree = "<group>";
		};
		D8CEAE571D28DE5600B108AB /* Controller */ = {
			isa = PBXGroup;
			children = (
				D8CEAE8B1D28E0D100B108AB /* XPServeTableViewController.h */,
				D8CEAE8C1D28E0D100B108AB /* XPServeTableViewController.m */,
			);
			path = Controller;
			sourceTree = "<group>";
		};
		D8CEAE581D28DE5600B108AB /* Model */ = {
			isa = PBXGroup;
			children = (
			);
			path = Model;
			sourceTree = "<group>";
		};
		D8CEAE591D28DE5600B108AB /* View */ = {
			isa = PBXGroup;
			children = (
			);
			path = View;
			sourceTree = "<group>";
		};
		D8CEAE5A1D28DE5600B108AB /* Treasure(财富) */ = {
			isa = PBXGroup;
			children = (
				D8CEAE5B1D28DE5600B108AB /* Controller */,
				D8CEAE5C1D28DE5600B108AB /* Model */,
				D8CEAE5D1D28DE5600B108AB /* View */,
			);
			path = "Treasure(财富)";
			sourceTree = "<group>";
		};
		D8CEAE5B1D28DE5600B108AB /* Controller */ = {
			isa = PBXGroup;
			children = (
				D8CEAE8E1D28E0DC00B108AB /* XPTreasureTableViewController.h */,
				D8CEAE8F1D28E0DC00B108AB /* XPTreasureTableViewController.m */,
			);
			path = Controller;
			sourceTree = "<group>";
		};
		D8CEAE5C1D28DE5600B108AB /* Model */ = {
			isa = PBXGroup;
			children = (
			);
			path = Model;
			sourceTree = "<group>";
		};
		D8CEAE5D1D28DE5600B108AB /* View */ = {
			isa = PBXGroup;
			children = (
			);
			path = View;
			sourceTree = "<group>";
		};
		D8CEAE5E1D28DE5600B108AB /* images */ = {
			isa = PBXGroup;
			children = (
				D8CEAE6A1D28DFAF00B108AB /* app */,
				D8CEAE6E1D28DFAF00B108AB /* launch */,
				D8CEAE701D28DFAF00B108AB /* tabBar */,
			);
			path = images;
			sourceTree = "<group>";
		};
		D8CEAE6A1D28DFAF00B108AB /* app */ = {
			isa = PBXGroup;
			children = (
				D8CEAE6B1D28DFAF00B108AB /* AppIcon29x29@2x.png */,
				D8CEAE6C1D28DFAF00B108AB /* AppIcon40x40@2x.png */,
				D8CEAE6D1D28DFAF00B108AB /* AppIcon60x60@2x.png */,
			);
			path = app;
			sourceTree = "<group>";
		};
		D8CEAE6E1D28DFAF00B108AB /* launch */ = {
			isa = PBXGroup;
			children = (
				D8CEAE6F1D28DFAF00B108AB /* LaunchImage-568h@2x.png */,
			);
			path = launch;
			sourceTree = "<group>";
		};
		D8CEAE701D28DFAF00B108AB /* tabBar */ = {
			isa = PBXGroup;
			children = (
				D8CEAE711D28DFAF00B108AB /* TabBar_Assets@2x.png */,
				D8CEAE721D28DFAF00B108AB /* TabBar_Assets_Sel@2x.png */,
				D8CEAE731D28DFAF00B108AB /* TabBar_Discovery@2x.png */,
				D8CEAE741D28DFAF00B108AB /* TabBar_Discovery_Sel@2x.png */,
				D8CEAE751D28DFAF00B108AB /* TabBar_HomeBar@2x.png */,
				D8CEAE761D28DFAF00B108AB /* TabBar_HomeBar_Sel@2x.png */,
				D8CEAE771D28DFAF00B108AB /* TabBar_PublicService@2x.png */,
				D8CEAE781D28DFAF00B108AB /* TabBar_PublicService_Sel@2x.png */,
			);
			path = tabBar;
			sourceTree = "<group>";
		};
/* End PBXGroup section */

/* Begin PBXNativeTarget section */
		D8CEAE291D28DCA400B108AB /* ZhiFuBao */ = {
			isa = PBXNativeTarget;
			buildConfigurationList = D8CEAE411D28DCA400B108AB /* Build configuration list for PBXNativeTarget "ZhiFuBao" */;
			buildPhases = (
				D8CEAE261D28DCA400B108AB /* Sources */,
				D8CEAE271D28DCA400B108AB /* Frameworks */,
				D8CEAE281D28DCA400B108AB /* Resources */,
			);
			buildRules = (
			);
			dependencies = (
			);
			name = ZhiFuBao;
			productName = ZhiFuBao;
			productReference = D8CEAE2A1D28DCA400B108AB /* ZhiFuBao.app */;
			productType = "com.apple.product-type.application";
		};
/* End PBXNativeTarget section */

/* Begin PBXProject section */
		D8CEAE221D28DCA400B108AB /* Project object */ = {
			isa = PBXProject;
			attributes = {
				CLASSPREFIX = XP;
				LastUpgradeCheck = 0710;
				ORGANIZATIONNAME = win;
				TargetAttributes = {
					D8CEAE291D28DCA400B108AB = {
						CreatedOnToolsVersion = 7.1;
					};
				};
			};
			buildConfigurationList = D8CEAE251D28DCA400B108AB /* Build configuration list for PBXProject "ZhiFuBao" */;
			compatibilityVersion = "Xcode 3.2";
			developmentRegion = English;
			hasScannedForEncodings = 0;
			knownRegions = (
				en,
				Base,
			);
			mainGroup = D8CEAE211D28DCA400B108AB;
			productRefGroup = D8CEAE2B1D28DCA400B108AB /* Products */;
			projectDirPath = "";
			projectRoot = "";
			targets = (
				D8CEAE291D28DCA400B108AB /* ZhiFuBao */,
			);
		};
/* End PBXProject section */

/* Begin PBXResourcesBuildPhase section */
		D8CEAE281D28DCA400B108AB /* Resources */ = {
			isa = PBXResourcesBuildPhase;
			buildActionMask = 2147483647;
			files = (
				D8CEAE7E1D28DFAF00B108AB /* TabBar_Assets_Sel@2x.png in Resources */,
				D8CEAE791D28DFAF00B108AB /* AppIcon29x29@2x.png in Resources */,
				D8CEAE7A1D28DFAF00B108AB /* AppIcon40x40@2x.png in Resources */,
				D8CEAE831D28DFAF00B108AB /* TabBar_PublicService@2x.png in Resources */,
				D8CEAE811D28DFAF00B108AB /* TabBar_HomeBar@2x.png in Resources */,
				D8CEAE841D28DFAF00B108AB /* TabBar_PublicService_Sel@2x.png in Resources */,
				D8CEAE7C1D28DFAF00B108AB /* LaunchImage-568h@2x.png in Resources */,
				D8CEAE821D28DFAF00B108AB /* TabBar_HomeBar_Sel@2x.png in Resources */,
				D8CEAE801D28DFAF00B108AB /* TabBar_Discovery_Sel@2x.png in Resources */,
				D8CEAE3D1D28DCA400B108AB /* LaunchScreen.storyboard in Resources */,
				D8CEAE3A1D28DCA400B108AB /* Assets.xcassets in Resources */,
				D8CEAE7B1D28DFAF00B108AB /* AppIcon60x60@2x.png in Resources */,
				D8CEAE681D28DEE300B108AB /* Info.plist in Resources */,
				D8CEAE7D1D28DFAF00B108AB /* TabBar_Assets@2x.png in Resources */,
				D8CEAE7F1D28DFAF00B108AB /* TabBar_Discovery@2x.png in Resources */,
			);
			runOnlyForDeploymentPostprocessing = 0;
		};
/* End PBXResourcesBuildPhase section */

/* Begin PBXSourcesBuildPhase section */
		D8CEAE261D28DCA400B108AB /* Sources */ = {
			isa = PBXSourcesBuildPhase;
			buildActionMask = 2147483647;
			files = (
				D8CEAE8A1D28E0C800B108AB /* XPDiscoverTableViewController.m in Sources */,
				D8CEAE871D28E0B300B108AB /* XPPayViewController.m in Sources */,
				D8CEAE901D28E0DC00B108AB /* XPTreasureTableViewController.m in Sources */,
				D8CEAE691D28DEE300B108AB /* main.m in Sources */,
				D8CEAE931D28E0F800B108AB /* XPTabBarViewController.m in Sources */,
				D8CEAE8D1D28E0D100B108AB /* XPServeTableViewController.m in Sources */,
				D8CEAE5F1D28DE5600B108AB /* AppDelegate.m in Sources */,
				D8CEAE961D28E74200B108AB /* XPNavigationController.m in Sources */,
			);
			runOnlyForDeploymentPostprocessing = 0;
		};
/* End PBXSourcesBuildPhase section */

/* Begin PBXVariantGroup section */
		D8CEAE3B1D28DCA400B108AB /* LaunchScreen.storyboard */ = {
			isa = PBXVariantGroup;
			children = (
				D8CEAE3C1D28DCA400B108AB /* Base */,
			);
			name = LaunchScreen.storyboard;
			sourceTree = "<group>";
		};
/* End PBXVariantGroup section */

/* Begin XCBuildConfiguration section */
		D8CEAE3F1D28DCA400B108AB /* Debug */ = {
			isa = XCBuildConfiguration;
			buildSettings = {
				ALWAYS_SEARCH_USER_PATHS = NO;
				CLANG_CXX_LANGUAGE_STANDARD = "gnu++0x";
				CLANG_CXX_LIBRARY = "libc++";
				CLANG_ENABLE_MODULES = YES;
				CLANG_ENABLE_OBJC_ARC = YES;
				CLANG_WARN_BOOL_CONVERSION = YES;
				CLANG_WARN_CONSTANT_CONVERSION = YES;
				CLANG_WARN_DIRECT_OBJC_ISA_USAGE = YES_ERROR;
				CLANG_WARN_EMPTY_BODY = YES;
				CLANG_WARN_ENUM_CONVERSION = YES;
				CLANG_WARN_INT_CONVERSION = YES;
				CLANG_WARN_OBJC_ROOT_CLASS = YES_ERROR;
				CLANG_WARN_UNREACHABLE_CODE = YES;
				CLANG_WARN__DUPLICATE_METHOD_MATCH = YES;
				"CODE_SIGN_IDENTITY[sdk=iphoneos*]" = "iPhone Developer";
				COPY_PHASE_STRIP = NO;
				DEBUG_INFORMATION_FORMAT = dwarf;
				ENABLE_STRICT_OBJC_MSGSEND = YES;
				ENABLE_TESTABILITY = YES;
				GCC_C_LANGUAGE_STANDARD = gnu99;
				GCC_DYNAMIC_NO_PIC = NO;
				GCC_NO_COMMON_BLOCKS = YES;
				GCC_OPTIMIZATION_LEVEL = 0;
				GCC_PREPROCESSOR_DEFINITIONS = (
					"DEBUG=1",
					"$(inherited)",
				);
				GCC_WARN_64_TO_32_BIT_CONVERSION = YES;
				GCC_WARN_ABOUT_RETURN_TYPE = YES_ERROR;
				GCC_WARN_UNDECLARED_SELECTOR = YES;
				GCC_WARN_UNINITIALIZED_AUTOS = YES_AGGRESSIVE;
				GCC_WARN_UNUSED_FUNCTION = YES;
				GCC_WARN_UNUSED_VARIABLE = YES;
				IPHONEOS_DEPLOYMENT_TARGET = 9.1;
				MTL_ENABLE_DEBUG_INFO = YES;
				ONLY_ACTIVE_ARCH = YES;
				SDKROOT = iphoneos;
				TARGETED_DEVICE_FAMILY = "1,2";
			};
			name = Debug;
		};
		D8CEAE401D28DCA400B108AB /* Release */ = {
			isa = XCBuildConfiguration;
			buildSettings = {
				ALWAYS_SEARCH_USER_PATHS = NO;
				CLANG_CXX_LANGUAGE_STANDARD = "gnu++0x";
				CLANG_CXX_LIBRARY = "libc++";
				CLANG_ENABLE_MODULES = YES;
				CLANG_ENABLE_OBJC_ARC = YES;
				CLANG_WARN_BOOL_CONVERSION = YES;
				CLANG_WARN_CONSTANT_CONVERSION = YES;
				CLANG_WARN_DIRECT_OBJC_ISA_USAGE = YES_ERROR;
				CLANG_WARN_EMPTY_BODY = YES;
				CLANG_WARN_ENUM_CONVERSION = YES;
				CLANG_WARN_INT_CONVERSION = YES;
				CLANG_WARN_OBJC_ROOT_CLASS = YES_ERROR;
				CLANG_WARN_UNREACHABLE_CODE = YES;
				CLANG_WARN__DUPLICATE_METHOD_MATCH = YES;
				"CODE_SIGN_IDENTITY[sdk=iphoneos*]" = "iPhone Developer";
				COPY_PHASE_STRIP = NO;
				DEBUG_INFORMATION_FORMAT = "dwarf-with-dsym";
				ENABLE_NS_ASSERTIONS = NO;
				ENABLE_STRICT_OBJC_MSGSEND = YES;
				GCC_C_LANGUAGE_STANDARD = gnu99;
				GCC_NO_COMMON_BLOCKS = YES;
				GCC_WARN_64_TO_32_BIT_CONVERSION = YES;
				GCC_WARN_ABOUT_RETURN_TYPE = YES_ERROR;
				GCC_WARN_UNDECLARED_SELECTOR = YES;
				GCC_WARN_UNINITIALIZED_AUTOS = YES_AGGRESSIVE;
				GCC_WARN_UNUSED_FUNCTION = YES;
				GCC_WARN_UNUSED_VARIABLE = YES;
				IPHONEOS_DEPLOYMENT_TARGET = 9.1;
				MTL_ENABLE_DEBUG_INFO = NO;
				SDKROOT = iphoneos;
				TARGETED_DEVICE_FAMILY = "1,2";
				VALIDATE_PRODUCT = YES;
			};
			name = Release;
		};
		D8CEAE421D28DCA400B108AB /* Debug */ = {
			isa = XCBuildConfiguration;
			buildSettings = {
				ASSETCATALOG_COMPILER_APPICON_NAME = AppIcon;
				INFOPLIST_FILE = ZhiFuBao/Info.plist;
				LD_RUNPATH_SEARCH_PATHS = "$(inherited) @executable_path/Frameworks";
				PRODUCT_BUNDLE_IDENTIFIER = win.com.cn.ZhiFuBao;
				PRODUCT_NAME = "$(TARGET_NAME)";
			};
			name = Debug;
		};
		D8CEAE431D28DCA400B108AB /* Release */ = {
			isa = XCBuildConfiguration;
			buildSettings = {
				ASSETCATALOG_COMPILER_APPICON_NAME = AppIcon;
				INFOPLIST_FILE = ZhiFuBao/Info.plist;
				LD_RUNPATH_SEARCH_PATHS = "$(inherited) @executable_path/Frameworks";
				PRODUCT_BUNDLE_IDENTIFIER = win.com.cn.ZhiFuBao;
				PRODUCT_NAME = "$(TARGET_NAME)";
			};
			name = Release;
		};
/* End XCBuildConfiguration section */

/* Begin XCConfigurationList section */
		D8CEAE251D28DCA400B108AB /* Build configuration list for PBXProject "ZhiFuBao" */ = {
			isa = XCConfigurationList;
			buildConfigurations = (
				D8CEAE3F1D28DCA400B108AB /* Debug */,
				D8CEAE401D28DCA400B108AB /* Release */,
			);
			defaultConfigurationIsVisible = 0;
			defaultConfigurationName = Release;
		};
		D8CEAE411D28DCA400B108AB /* Build configuration list for PBXNativeTarget "ZhiFuBao" */ = {
			isa = XCConfigurationList;
			buildConfigurations = (
				D8CEAE421D28DCA400B108AB /* Debug */,
				D8CEAE431D28DCA400B108AB /* Release */,
			);
			defaultConfigurationIsVisible = 0;
			defaultConfigurationName = Release;
		};
/* End XCConfigurationList section */
	};
	rootObject = D8CEAE221D28DCA400B108AB /* Project object */;
}
